{
  "name": "ikea-name-generator",
  "version": "1.0.0",
  "lockfileVersion": 2,
  "requires": true,
  "packages": {
    "": {
      "version": "1.0.0",
      "license": "ISC",
      "dependencies": {
        "compromise": "^13.11.2",
        "nlp_compromise": "^4.12.0",
        "nlp-syllables": "^0.0.5"
      }
    },
    "node_modules/compromise": {
      "version": "13.11.2",
      "resolved": "https://registry.npmjs.org/compromise/-/compromise-13.11.2.tgz",
      "integrity": "sha512-sAASylAtghacJm3tTIF2AyekjxNMGyWaIsQ3sDdJT1UcIa6mC7VbNLQBI3eSBitf+LwrvZTgrY1nWOetY4SScw==",
      "dependencies": {
        "efrt-unpack": "2.2.0"
      },
      "engines": {
        "node": ">=8.0.0"
      }
    },
    "node_modules/efrt-unpack": {
      "version": "2.2.0",
      "resolved": "https://registry.npmjs.org/efrt-unpack/-/efrt-unpack-2.2.0.tgz",
      "integrity": "sha512-9xUSSj7qcUxz+0r4X3+bwUNttEfGfK5AH+LVa1aTpqdAfrN5VhROYCfcF+up4hp5OL7IUKcZJJrzAGipQRDoiQ=="
    },
    "node_modules/nlp_compromise": {
      "version": "4.12.1",
      "resolved": "https://registry.npmjs.org/nlp_compromise/-/nlp_compromise-4.12.1.tgz",
      "integrity": "sha1-dFsBoU8cF3Nt5JdDQY11GKWYyDw=",
      "deprecated": "nlp_compromise has been renamed to 'compromise', please update"
    },
    "node_modules/nlp-syllables": {
      "version": "0.0.5",
      "resolved": "https://registry.npmjs.org/nlp-syllables/-/nlp-syllables-0.0.5.tgz",
      "integrity": "sha1-0pNWk/2zLAGExFxLgeNYNa7jgsk=",
      "dependencies": {
        "nlp_compromise": ">=4.12.0"
      }
    }
  },
  "dependencies": {
    "compromise": {
      "version": "13.11.2",
      "resolved": "https://registry.npmjs.org/compromise/-/compromise-13.11.2.tgz",
      "integrity": "sha512-sAASylAtghacJm3tTIF2AyekjxNMGyWaIsQ3sDdJT1UcIa6mC7VbNLQBI3eSBitf+LwrvZTgrY1nWOetY4SScw==",
      "requires": {
        "efrt-unpack": "2.2.0"
      }
    },
    "efrt-unpack": {
      "version": "2.2.0",
      "resolved": "https://registry.npmjs.org/efrt-unpack/-/efrt-unpack-2.2.0.tgz",
      "integrity": "sha512-9xUSSj7qcUxz+0r4X3+bwUNttEfGfK5AH+LVa1aTpqdAfrN5VhROYCfcF+up4hp5OL7IUKcZJJrzAGipQRDoiQ=="
    },
    "nlp_compromise": {
      "version": "4.12.1",
      "resolved": "https://registry.npmjs.org/nlp_compromise/-/nlp_compromise-4.12.1.tgz",
      "integrity": "sha1-dFsBoU8cF3Nt5JdDQY11GKWYyDw="
    },
    "nlp-syllables": {
      "version": "0.0.5",
      "resolved": "https://registry.npmjs.org/nlp-syllables/-/nlp-syllables-0.0.5.tgz",
      "integrity": "sha1-0pNWk/2zLAGExFxLgeNYNa7jgsk=",
      "requires": {
        "nlp_compromise": ">=4.12.0"
      }
    }
  }
}
